
Microsoft Visual Studio Solution File, Format Version 12.00
# Visual Studio Version 17
VisualStudioVersion = 17.10.34928.147
MinimumVisualStudioVersion = 10.0.40219.1
Project("{FAE04EC0-301F-11D3-BF4B-00C04F79EFBC}") = "Exam2", "Exam2\Exam2.csproj", "{666A0AB3-2691-4C67-ADC1-ED251C4641FF}"
EndProject
Global
	GlobalSection(SolutionConfigurationPlatforms) = preSolution
		Debug|Any CPU = Debug|Any CPU
		Release|Any CPU = Release|Any CPU
	EndGlobalSection
	GlobalSection(ProjectConfigurationPlatforms) = postSolution
		{666A0AB3-2691-4C67-ADC1-ED251C4641FF}.Debug|Any CPU.ActiveCfg = Debug|Any CPU
		{666A0AB3-2691-4C67-ADC1-ED251C4641FF}.Debug|Any CPU.Build.0 = Debug|Any CPU
		{666A0AB3-2691-4C67-ADC1-ED251C4641FF}.Release|Any CPU.ActiveCfg = Release|Any CPU
		{666A0AB3-2691-4C67-ADC1-ED251C4641FF}.Release|Any CPU.Build.0 = Release|Any CPU
	EndGlobalSection
	GlobalSection(SolutionProperties) = preSolution
		HideSolutionNode = FALSE
	EndGlobalSection
	GlobalSection(ExtensibilityGlobals) = postSolution
		SolutionGuid = {99CD444B-B1AD-4746-878E-EF863F8ED013}
	EndGlobalSection
EndGlobal
